
Microsoft Visual Studio Solution File, Format Version 12.00
# Visual Studio Version 17
VisualStudioVersion = 17.10.35013.160
MinimumVisualStudioVersion = 10.0.40219.1
Project("{FAE04EC0-301F-11D3-BF4B-00C04F79EFBC}") = "BookService", "BookService\BookService.csproj", "{1DBC456C-E384-46B4-B183-F87EF2702A1C}"
EndProject
Global
	GlobalSection(SolutionConfigurationPlatforms) = preSolution
		Debug|Any CPU = Debug|Any CPU
		Release|Any CPU = Release|Any CPU
	EndGlobalSection
	GlobalSection(ProjectConfigurationPlatforms) = postSolution
		{1DBC456C-E384-46B4-B183-F87EF2702A1C}.Debug|Any CPU.ActiveCfg = Debug|Any CPU
		{1DBC456C-E384-46B4-B183-F87EF2702A1C}.Debug|Any CPU.Build.0 = Debug|Any CPU
		{1DBC456C-E384-46B4-B183-F87EF2702A1C}.Release|Any CPU.ActiveCfg = Release|Any CPU
		{1DBC456C-E384-46B4-B183-F87EF2702A1C}.Release|Any CPU.Build.0 = Release|Any CPU
	EndGlobalSection
	GlobalSection(SolutionProperties) = preSolution
		HideSolutionNode = FALSE
	EndGlobalSection
	GlobalSection(ExtensibilityGlobals) = postSolution
		SolutionGuid = {BDB449A2-DB28-42DD-8BDA-2E3EBAE5F616}
	EndGlobalSection
EndGlobal
